
Microsoft Visual Studio Solution File, Format Version 12.00
# Visual Studio Version 17
VisualStudioVersion = 17.0.31903.59
MinimumVisualStudioVersion = 10.0.40219.1
Project("{2150E333-8FDC-42A3-9474-1A3956D46DE8}") = "src", "src", "{61B07043-B61F-423E-9FE9-738EA3C0E4BB}"
EndProject
Project("{FAE04EC0-301F-11D3-BF4B-00C04F79EFBC}") = "KH2Trainer.Core", "src\KH2Trainer.Core\KH2Trainer.Core.csproj", "{FE630DB7-D129-424C-BB56-A25E01B816C9}"
EndProject
Project("{FAE04EC0-301F-11D3-BF4B-00C04F79EFBC}") = "KH2Trainer", "src\KH2Trainer\KH2Trainer.csproj", "{6647F304-E4D6-433A-BFE6-B7B130BF3219}"
EndProject
Project("{2150E333-8FDC-42A3-9474-1A3956D46DE8}") = "tests", "tests", "{C1B65620-2483-4353-8631-7933389515CA}"
EndProject
Project("{FAE04EC0-301F-11D3-BF4B-00C04F79EFBC}") = "KH2Trainer.Core.Tests", "tests\KH2Trainer.Core.Tests\KH2Trainer.Core.Tests.csproj", "{97161E4B-FE53-479F-B28F-60432F8A014F}"
EndProject
Project("{FAE04EC0-301F-11D3-BF4B-00C04F79EFBC}") = "KH2Trainer.UiTests", "tests\KH2Trainer.UiTests\KH2Trainer.UiTests.csproj", "{106F85C8-E996-4982-9954-C6EE7757BFE9}"
EndProject
Project("{2150E333-8FDC-42A3-9474-1A3956D46DE8}") = "Solution Items", "Solution Items", "{3B7064FA-B1CF-52BE-AAF0-F74B3B248719}"
	ProjectSection(SolutionItems) = preProject
		README.md = README.md
		build.ps1 = build.ps1
		Directory.Build.props = Directory.Build.props
		.gitignore = .gitignore
	EndProjectSection
EndProject
Project("{2150E333-8FDC-42A3-9474-1A3956D46DE8}") = "scripts", "scripts", "{819FB6BE-19E0-5FD7-95D9-A6F838DAEE41}"
	ProjectSection(SolutionItems) = preProject
		scripts\generate-manual.py = scripts\generate-manual.py
		scripts\setup-toolchain.cmd = scripts\setup-toolchain.cmd
	EndProjectSection
EndProject
Project("{2150E333-8FDC-42A3-9474-1A3956D46DE8}") = "KH2Trainer.Bridge", "KH2Trainer.Bridge", "{D09DD3A4-F4A1-58DE-BC65-6BFBFDDFBBB7}"
	ProjectSection(SolutionItems) = preProject
		src\KH2Trainer.Bridge\ActorMovementFeatures.inl = src\KH2Trainer.Bridge\ActorMovementFeatures.inl
		src\KH2Trainer.Bridge\AudioFeatures.inl = src\KH2Trainer.Bridge\AudioFeatures.inl
		src\KH2Trainer.Bridge\build.cmd = src\KH2Trainer.Bridge\build.cmd
		src\KH2Trainer.Bridge\CameraExtraFeatures.inl = src\KH2Trainer.Bridge\CameraExtraFeatures.inl
		src\KH2Trainer.Bridge\CollisionFeatures.inl = src\KH2Trainer.Bridge\CollisionFeatures.inl
		src\KH2Trainer.Bridge\CombatFeatures.inl = src\KH2Trainer.Bridge\CombatFeatures.inl
		src\KH2Trainer.Bridge\DamageTuningFeatures.inl = src\KH2Trainer.Bridge\DamageTuningFeatures.inl
		src\KH2Trainer.Bridge\DevToolsProtocol.h = src\KH2Trainer.Bridge\DevToolsProtocol.h
		src\KH2Trainer.Bridge\DisplayFeatures.inl = src\KH2Trainer.Bridge\DisplayFeatures.inl
		src\KH2Trainer.Bridge\DriveFeatures.inl = src\KH2Trainer.Bridge\DriveFeatures.inl
		src\KH2Trainer.Bridge\DriveWeaponSupport.inl = src\KH2Trainer.Bridge\DriveWeaponSupport.inl
		src\KH2Trainer.Bridge\GummiEditorFeatures.inl = src\KH2Trainer.Bridge\GummiEditorFeatures.inl
		src\KH2Trainer.Bridge\GummiExtraFeatures.inl = src\KH2Trainer.Bridge\GummiExtraFeatures.inl
		src\KH2Trainer.Bridge\GummiFeatures.inl = src\KH2Trainer.Bridge\GummiFeatures.inl
		src\KH2Trainer.Bridge\GummiHistorySupport.inl = src\KH2Trainer.Bridge\GummiHistorySupport.inl
		src\KH2Trainer.Bridge\GummiProjectileFeatures.inl = src\KH2Trainer.Bridge\GummiProjectileFeatures.inl
		src\KH2Trainer.Bridge\LootFeatures.inl = src\KH2Trainer.Bridge\LootFeatures.inl
		src\KH2Trainer.Bridge\MissionEventFeatures.inl = src\KH2Trainer.Bridge\MissionEventFeatures.inl
		src\KH2Trainer.Bridge\MissionFeatures.inl = src\KH2Trainer.Bridge\MissionFeatures.inl
		src\KH2Trainer.Bridge\MotionFeatures.inl = src\KH2Trainer.Bridge\MotionFeatures.inl
		src\KH2Trainer.Bridge\PlayerFeatures.inl = src\KH2Trainer.Bridge\PlayerFeatures.inl
		src\KH2Trainer.Bridge\ProgressionFeatures.inl = src\KH2Trainer.Bridge\ProgressionFeatures.inl
		src\KH2Trainer.Bridge\RendererAaFeatures.inl = src\KH2Trainer.Bridge\RendererAaFeatures.inl
		src\KH2Trainer.Bridge\RendererDiagnostics.inl = src\KH2Trainer.Bridge\RendererDiagnostics.inl
		src\KH2Trainer.Bridge\RenderFeatures.inl = src\KH2Trainer.Bridge\RenderFeatures.inl
		src\KH2Trainer.Bridge\RescueFeatures.inl = src\KH2Trainer.Bridge\RescueFeatures.inl
		src\KH2Trainer.Bridge\ShortcutFeatures.inl = src\KH2Trainer.Bridge\ShortcutFeatures.inl
		src\KH2Trainer.Bridge\SpatialAudioFeatures.inl = src\KH2Trainer.Bridge\SpatialAudioFeatures.inl
		src\KH2Trainer.Bridge\TargetingFeatures.inl = src\KH2Trainer.Bridge\TargetingFeatures.inl
		src\KH2Trainer.Bridge\TrainerBridge.cpp = src\KH2Trainer.Bridge\TrainerBridge.cpp
		src\KH2Trainer.Bridge\WindowDisplayFeatures.inl = src\KH2Trainer.Bridge\WindowDisplayFeatures.inl
		src\KH2Trainer.Bridge\WorldFeatures.inl = src\KH2Trainer.Bridge\WorldFeatures.inl
	EndProjectSection
EndProject
Project("{2150E333-8FDC-42A3-9474-1A3956D46DE8}") = "KH2Trainer.Bridge.Tests", "KH2Trainer.Bridge.Tests", "{ADED6628-6BE5-5662-9041-8090CE9AC242}"
	ProjectSection(SolutionItems) = preProject
		tests\KH2Trainer.Bridge.Tests\ActorMovementGuardTests.cpp = tests\KH2Trainer.Bridge.Tests\ActorMovementGuardTests.cpp
		tests\KH2Trainer.Bridge.Tests\AudioGuardTests.cpp = tests\KH2Trainer.Bridge.Tests\AudioGuardTests.cpp
		tests\KH2Trainer.Bridge.Tests\CameraExtraGuardTests.cpp = tests\KH2Trainer.Bridge.Tests\CameraExtraGuardTests.cpp
		tests\KH2Trainer.Bridge.Tests\CollisionGuardTests.cpp = tests\KH2Trainer.Bridge.Tests\CollisionGuardTests.cpp
		tests\KH2Trainer.Bridge.Tests\CombatGuardTests.cpp = tests\KH2Trainer.Bridge.Tests\CombatGuardTests.cpp
		tests\KH2Trainer.Bridge.Tests\DamageTuningTests.cpp = tests\KH2Trainer.Bridge.Tests\DamageTuningTests.cpp
		tests\KH2Trainer.Bridge.Tests\DisplayGuardTests.cpp = tests\KH2Trainer.Bridge.Tests\DisplayGuardTests.cpp
		tests\KH2Trainer.Bridge.Tests\DisplayProductionCompile.cpp = tests\KH2Trainer.Bridge.Tests\DisplayProductionCompile.cpp
		tests\KH2Trainer.Bridge.Tests\DriveGuardTests.cpp = tests\KH2Trainer.Bridge.Tests\DriveGuardTests.cpp
		tests\KH2Trainer.Bridge.Tests\DriveWeaponTests.cpp = tests\KH2Trainer.Bridge.Tests\DriveWeaponTests.cpp
		tests\KH2Trainer.Bridge.Tests\GummiEditorGuardTests.cpp = tests\KH2Trainer.Bridge.Tests\GummiEditorGuardTests.cpp
		tests\KH2Trainer.Bridge.Tests\GummiExtraGuardTests.cpp = tests\KH2Trainer.Bridge.Tests\GummiExtraGuardTests.cpp
		tests\KH2Trainer.Bridge.Tests\GummiGuardTests.cpp = tests\KH2Trainer.Bridge.Tests\GummiGuardTests.cpp
		tests\KH2Trainer.Bridge.Tests\GummiHistoryGuardTests.cpp = tests\KH2Trainer.Bridge.Tests\GummiHistoryGuardTests.cpp
		tests\KH2Trainer.Bridge.Tests\GummiProjectileGuardTests.cpp = tests\KH2Trainer.Bridge.Tests\GummiProjectileGuardTests.cpp
		tests\KH2Trainer.Bridge.Tests\LootGuardTests.cpp = tests\KH2Trainer.Bridge.Tests\LootGuardTests.cpp
		tests\KH2Trainer.Bridge.Tests\MissionEventGuardTests.cpp = tests\KH2Trainer.Bridge.Tests\MissionEventGuardTests.cpp
		tests\KH2Trainer.Bridge.Tests\MissionGuardTests.cpp = tests\KH2Trainer.Bridge.Tests\MissionGuardTests.cpp
		tests\KH2Trainer.Bridge.Tests\MotionGuardTests.cpp = tests\KH2Trainer.Bridge.Tests\MotionGuardTests.cpp
		tests\KH2Trainer.Bridge.Tests\PlayerBridgeTests.cpp = tests\KH2Trainer.Bridge.Tests\PlayerBridgeTests.cpp
		tests\KH2Trainer.Bridge.Tests\ProgressionTests.cpp = tests\KH2Trainer.Bridge.Tests\ProgressionTests.cpp
		tests\KH2Trainer.Bridge.Tests\RendererAaTests.cpp = tests\KH2Trainer.Bridge.Tests\RendererAaTests.cpp
		tests\KH2Trainer.Bridge.Tests\RendererDiagnosticsTests.cpp = tests\KH2Trainer.Bridge.Tests\RendererDiagnosticsTests.cpp
		tests\KH2Trainer.Bridge.Tests\RenderGuardTests.cpp = tests\KH2Trainer.Bridge.Tests\RenderGuardTests.cpp
		tests\KH2Trainer.Bridge.Tests\run-tests.ps1 = tests\KH2Trainer.Bridge.Tests\run-tests.ps1
		tests\KH2Trainer.Bridge.Tests\ShortcutTests.cpp = tests\KH2Trainer.Bridge.Tests\ShortcutTests.cpp
		tests\KH2Trainer.Bridge.Tests\SpatialAudioGuardTests.cpp = tests\KH2Trainer.Bridge.Tests\SpatialAudioGuardTests.cpp
		tests\KH2Trainer.Bridge.Tests\TargetingGuardTests.cpp = tests\KH2Trainer.Bridge.Tests\TargetingGuardTests.cpp
		tests\KH2Trainer.Bridge.Tests\WindowDisplayTests.cpp = tests\KH2Trainer.Bridge.Tests\WindowDisplayTests.cpp
		tests\KH2Trainer.Bridge.Tests\WorldGuardTests.cpp = tests\KH2Trainer.Bridge.Tests\WorldGuardTests.cpp
	EndProjectSection
EndProject
Global
	GlobalSection(SolutionConfigurationPlatforms) = preSolution
		Debug|Any CPU = Debug|Any CPU
		Release|Any CPU = Release|Any CPU
	EndGlobalSection
	GlobalSection(SolutionProperties) = preSolution
		HideSolutionNode = FALSE
	EndGlobalSection
	GlobalSection(ProjectConfigurationPlatforms) = postSolution
		{FE630DB7-D129-424C-BB56-A25E01B816C9}.Debug|Any CPU.ActiveCfg = Debug|Any CPU
		{FE630DB7-D129-424C-BB56-A25E01B816C9}.Debug|Any CPU.Build.0 = Debug|Any CPU
		{FE630DB7-D129-424C-BB56-A25E01B816C9}.Release|Any CPU.ActiveCfg = Release|Any CPU
		{FE630DB7-D129-424C-BB56-A25E01B816C9}.Release|Any CPU.Build.0 = Release|Any CPU
		{6647F304-E4D6-433A-BFE6-B7B130BF3219}.Debug|Any CPU.ActiveCfg = Debug|Any CPU
		{6647F304-E4D6-433A-BFE6-B7B130BF3219}.Debug|Any CPU.Build.0 = Debug|Any CPU
		{6647F304-E4D6-433A-BFE6-B7B130BF3219}.Release|Any CPU.ActiveCfg = Release|Any CPU
		{6647F304-E4D6-433A-BFE6-B7B130BF3219}.Release|Any CPU.Build.0 = Release|Any CPU
		{97161E4B-FE53-479F-B28F-60432F8A014F}.Debug|Any CPU.ActiveCfg = Debug|Any CPU
		{97161E4B-FE53-479F-B28F-60432F8A014F}.Debug|Any CPU.Build.0 = Debug|Any CPU
		{97161E4B-FE53-479F-B28F-60432F8A014F}.Release|Any CPU.ActiveCfg = Release|Any CPU
		{97161E4B-FE53-479F-B28F-60432F8A014F}.Release|Any CPU.Build.0 = Release|Any CPU
		{106F85C8-E996-4982-9954-C6EE7757BFE9}.Debug|Any CPU.ActiveCfg = Debug|Any CPU
		{106F85C8-E996-4982-9954-C6EE7757BFE9}.Debug|Any CPU.Build.0 = Debug|Any CPU
		{106F85C8-E996-4982-9954-C6EE7757BFE9}.Release|Any CPU.ActiveCfg = Release|Any CPU
		{106F85C8-E996-4982-9954-C6EE7757BFE9}.Release|Any CPU.Build.0 = Release|Any CPU
	EndGlobalSection
	GlobalSection(NestedProjects) = preSolution
		{D09DD3A4-F4A1-58DE-BC65-6BFBFDDFBBB7} = {61B07043-B61F-423E-9FE9-738EA3C0E4BB}
		{ADED6628-6BE5-5662-9041-8090CE9AC242} = {C1B65620-2483-4353-8631-7933389515CA}
		{FE630DB7-D129-424C-BB56-A25E01B816C9} = {61B07043-B61F-423E-9FE9-738EA3C0E4BB}
		{6647F304-E4D6-433A-BFE6-B7B130BF3219} = {61B07043-B61F-423E-9FE9-738EA3C0E4BB}
		{97161E4B-FE53-479F-B28F-60432F8A014F} = {C1B65620-2483-4353-8631-7933389515CA}
		{106F85C8-E996-4982-9954-C6EE7757BFE9} = {C1B65620-2483-4353-8631-7933389515CA}
	EndGlobalSection
EndGlobal
